
Microsoft Visual Studio Solution File, Format Version 12.00
# Visual Studio 14
VisualStudioVersion = 14.0.25420.1
MinimumVisualStudioVersion = 10.0.40219.1
Project("{FAE04EC0-301F-11D3-BF4B-00C04F79EFBC}") = "Api", "api\Api.csproj", "{DB37FD86-485A-48D8-B3C9-7336EA44DB9C}"
EndProject
Project("{2150E333-8FDC-42A3-9474-1A3956D46DE8}") = "BL", "BL", "{784DAD61-A2F1-4E80-B663-7B4DE2042C14}"
EndProject
Project("{2150E333-8FDC-42A3-9474-1A3956D46DE8}") = "CL", "CL", "{24755689-6CFC-4876-AC3C-5323F0D8533E}"
EndProject
Project("{2150E333-8FDC-42A3-9474-1A3956D46DE8}") = "DL", "DL", "{B5FDCE8F-5D88-4BCE-8FA2-AD2EEDBAD402}"
EndProject
Project("{FAE04EC0-301F-11D3-BF4B-00C04F79EFBC}") = "Tools", "Tools\Tools.csproj", "{7A1FE0A3-C606-4220-97C2-5E2FBBC49DE8}"
EndProject
Project("{FAE04EC0-301F-11D3-BF4B-00C04F79EFBC}") = "DM", "DM\DM.csproj", "{186652C3-140C-42DB-9F51-8BF73F2953B1}"
EndProject
Project("{FAE04EC0-301F-11D3-BF4B-00C04F79EFBC}") = "VM", "VM\VM.csproj", "{086958CE-9F33-43CF-82E7-D4DC3832139A}"
EndProject
Project("{FAE04EC0-301F-11D3-BF4B-00C04F79EFBC}") = "BL", "BL\BL.csproj", "{06B6D6F3-A979-4194-AB45-BF89D66D8F53}"
EndProject
Project("{FAE04EC0-301F-11D3-BF4B-00C04F79EFBC}") = "DL", "DL\DL.csproj", "{7150B465-EC18-4657-882F-FB31274BA192}"
EndProject
Global
	GlobalSection(SolutionConfigurationPlatforms) = preSolution
		Debug|Any CPU = Debug|Any CPU
		Release|Any CPU = Release|Any CPU
	EndGlobalSection
	GlobalSection(ProjectConfigurationPlatforms) = postSolution
		{DB37FD86-485A-48D8-B3C9-7336EA44DB9C}.Debug|Any CPU.ActiveCfg = Debug|Any CPU
		{DB37FD86-485A-48D8-B3C9-7336EA44DB9C}.Debug|Any CPU.Build.0 = Debug|Any CPU
		{DB37FD86-485A-48D8-B3C9-7336EA44DB9C}.Release|Any CPU.ActiveCfg = Release|Any CPU
		{DB37FD86-485A-48D8-B3C9-7336EA44DB9C}.Release|Any CPU.Build.0 = Release|Any CPU
		{7A1FE0A3-C606-4220-97C2-5E2FBBC49DE8}.Debug|Any CPU.ActiveCfg = Debug|Any CPU
		{7A1FE0A3-C606-4220-97C2-5E2FBBC49DE8}.Debug|Any CPU.Build.0 = Debug|Any CPU
		{7A1FE0A3-C606-4220-97C2-5E2FBBC49DE8}.Release|Any CPU.ActiveCfg = Release|Any CPU
		{7A1FE0A3-C606-4220-97C2-5E2FBBC49DE8}.Release|Any CPU.Build.0 = Release|Any CPU
		{186652C3-140C-42DB-9F51-8BF73F2953B1}.Debug|Any CPU.ActiveCfg = Debug|Any CPU
		{186652C3-140C-42DB-9F51-8BF73F2953B1}.Debug|Any CPU.Build.0 = Debug|Any CPU
		{186652C3-140C-42DB-9F51-8BF73F2953B1}.Release|Any CPU.ActiveCfg = Release|Any CPU
		{186652C3-140C-42DB-9F51-8BF73F2953B1}.Release|Any CPU.Build.0 = Release|Any CPU
		{086958CE-9F33-43CF-82E7-D4DC3832139A}.Debug|Any CPU.ActiveCfg = Debug|Any CPU
		{086958CE-9F33-43CF-82E7-D4DC3832139A}.Debug|Any CPU.Build.0 = Debug|Any CPU
		{086958CE-9F33-43CF-82E7-D4DC3832139A}.Release|Any CPU.ActiveCfg = Release|Any CPU
		{086958CE-9F33-43CF-82E7-D4DC3832139A}.Release|Any CPU.Build.0 = Release|Any CPU
		{06B6D6F3-A979-4194-AB45-BF89D66D8F53}.Debug|Any CPU.ActiveCfg = Debug|Any CPU
		{06B6D6F3-A979-4194-AB45-BF89D66D8F53}.Debug|Any CPU.Build.0 = Debug|Any CPU
		{06B6D6F3-A979-4194-AB45-BF89D66D8F53}.Release|Any CPU.ActiveCfg = Release|Any CPU
		{06B6D6F3-A979-4194-AB45-BF89D66D8F53}.Release|Any CPU.Build.0 = Release|Any CPU
		{7150B465-EC18-4657-882F-FB31274BA192}.Debug|Any CPU.ActiveCfg = Debug|Any CPU
		{7150B465-EC18-4657-882F-FB31274BA192}.Debug|Any CPU.Build.0 = Debug|Any CPU
		{7150B465-EC18-4657-882F-FB31274BA192}.Release|Any CPU.ActiveCfg = Release|Any CPU
		{7150B465-EC18-4657-882F-FB31274BA192}.Release|Any CPU.Build.0 = Release|Any CPU
	EndGlobalSection
	GlobalSection(SolutionProperties) = preSolution
		HideSolutionNode = FALSE
	EndGlobalSection
	GlobalSection(NestedProjects) = preSolution
		{7A1FE0A3-C606-4220-97C2-5E2FBBC49DE8} = {24755689-6CFC-4876-AC3C-5323F0D8533E}
		{186652C3-140C-42DB-9F51-8BF73F2953B1} = {24755689-6CFC-4876-AC3C-5323F0D8533E}
		{086958CE-9F33-43CF-82E7-D4DC3832139A} = {24755689-6CFC-4876-AC3C-5323F0D8533E}
		{06B6D6F3-A979-4194-AB45-BF89D66D8F53} = {784DAD61-A2F1-4E80-B663-7B4DE2042C14}
		{7150B465-EC18-4657-882F-FB31274BA192} = {B5FDCE8F-5D88-4BCE-8FA2-AD2EEDBAD402}
	EndGlobalSection
EndGlobal
